
Microsoft Visual Studio Solution File, Format Version 12.00
# Visual Studio Version 17
VisualStudioVersion = 17.14.36327.8 d17.14
MinimumVisualStudioVersion = 10.0.40219.1
Project("{FAE04EC0-301F-11D3-BF4B-00C04F79EFBC}") = "CleanArchStarter.Api", "CleanArchStarter.Api\CleanArchStarter.Api.csproj", "{26551DA7-7E67-424F-949C-3F3256A061A7}"
EndProject
Project("{FAE04EC0-301F-11D3-BF4B-00C04F79EFBC}") = "CleanArchStarter.Application", "CleanArchStarter.Application\CleanArchStarter.Application.csproj", "{A86D4B85-5D59-41EF-B8E8-A038D874239C}"
EndProject
Project("{FAE04EC0-301F-11D3-BF4B-00C04F79EFBC}") = "CleanArchStarter.Domain", "CleanArchStarter.Domain\CleanArchStarter.Domain.csproj", "{4B9AC8E5-FD0F-4393-A50E-66664C2D49B8}"
EndProject
Project("{FAE04EC0-301F-11D3-BF4B-00C04F79EFBC}") = "CleanArchStarter.Infrastructure", "CleanArchStarter.Infrastructure\CleanArchStarter.Infrastructure.csproj", "{002594F8-DDE5-4A17-9AB2-E857B01150A6}"
EndProject
Global
	GlobalSection(SolutionConfigurationPlatforms) = preSolution
		Debug|Any CPU = Debug|Any CPU
		Release|Any CPU = Release|Any CPU
	EndGlobalSection
	GlobalSection(ProjectConfigurationPlatforms) = postSolution
		{26551DA7-7E67-424F-949C-3F3256A061A7}.Debug|Any CPU.ActiveCfg = Debug|Any CPU
		{26551DA7-7E67-424F-949C-3F3256A061A7}.Debug|Any CPU.Build.0 = Debug|Any CPU
		{26551DA7-7E67-424F-949C-3F3256A061A7}.Release|Any CPU.ActiveCfg = Release|Any CPU
		{26551DA7-7E67-424F-949C-3F3256A061A7}.Release|Any CPU.Build.0 = Release|Any CPU
		{A86D4B85-5D59-41EF-B8E8-A038D874239C}.Debug|Any CPU.ActiveCfg = Debug|Any CPU
		{A86D4B85-5D59-41EF-B8E8-A038D874239C}.Debug|Any CPU.Build.0 = Debug|Any CPU
		{A86D4B85-5D59-41EF-B8E8-A038D874239C}.Release|Any CPU.ActiveCfg = Release|Any CPU
		{A86D4B85-5D59-41EF-B8E8-A038D874239C}.Release|Any CPU.Build.0 = Release|Any CPU
		{4B9AC8E5-FD0F-4393-A50E-66664C2D49B8}.Debug|Any CPU.ActiveCfg = Debug|Any CPU
		{4B9AC8E5-FD0F-4393-A50E-66664C2D49B8}.Debug|Any CPU.Build.0 = Debug|Any CPU
		{4B9AC8E5-FD0F-4393-A50E-66664C2D49B8}.Release|Any CPU.ActiveCfg = Release|Any CPU
		{4B9AC8E5-FD0F-4393-A50E-66664C2D49B8}.Release|Any CPU.Build.0 = Release|Any CPU
		{002594F8-DDE5-4A17-9AB2-E857B01150A6}.Debug|Any CPU.ActiveCfg = Debug|Any CPU
		{002594F8-DDE5-4A17-9AB2-E857B01150A6}.Debug|Any CPU.Build.0 = Debug|Any CPU
		{002594F8-DDE5-4A17-9AB2-E857B01150A6}.Release|Any CPU.ActiveCfg = Release|Any CPU
		{002594F8-DDE5-4A17-9AB2-E857B01150A6}.Release|Any CPU.Build.0 = Release|Any CPU
	EndGlobalSection
	GlobalSection(SolutionProperties) = preSolution
		HideSolutionNode = FALSE
	EndGlobalSection
	GlobalSection(ExtensibilityGlobals) = postSolution
		SolutionGuid = {37498C4C-C9AE-4932-AE09-D698913085CA}
	EndGlobalSection
EndGlobal
